// !$*UTF8*$!
{
	archiveVersion = 1;
	classes = {
	};
	objectVersion = 46;
	objects = {

/* Begin PBXBuildFile section */
		9D50BD521E81002700084A4A /* main.m in Sources */ = {isa = PBXBuildFile; fileRef = 9D50BD511E81002700084A4A /* main.m */; };
		9D50BD551E81002700084A4A /* AppDelegate.m in Sources */ = {isa = PBXBuildFile; fileRef = 9D50BD541E81002700084A4A /* AppDelegate.m */; };
		9D50BD581E81002700084A4A /* ViewController.m in Sources */ = {isa = PBXBuildFile; fileRef = 9D50BD571E81002700084A4A /* ViewController.m */; };
		9D50BD5B1E81002700084A4A /* Main.storyboard in Resources */ = {isa = PBXBuildFile; fileRef = 9D50BD591E81002700084A4A /* Main.storyboard */; };
		9D50BD5E1E81002700084A4A /* Test.xcdatamodeld in Sources */ = {isa = PBXBuildFile; fileRef = 9D50BD5C1E81002700084A4A /* Test.xcdatamodeld */; };
		9D50BD601E81002700084A4A /* Assets.xcassets in Resources */ = {isa = PBXBuildFile; fileRef = 9D50BD5F1E81002700084A4A /* Assets.xcassets */; };
		9D50BD631E81002700084A4A /* LaunchScreen.storyboard in Resources */ = {isa = PBXBuildFile; fileRef = 9D50BD611E81002700084A4A /* LaunchScreen.storyboard */; };
		9D50BE161E81007000084A4A /* AJAX.m in Sources */ = {isa = PBXBuildFile; fileRef = 9D50BDD31E81007000084A4A /* AJAX.m */; };
		9D50BE171E81007000084A4A /* APP.m in Sources */ = {isa = PBXBuildFile; fileRef = 9D50BDD51E81007000084A4A /* APP.m */; };
		9D50BE181E81007000084A4A /* CAMERA.m in Sources */ = {isa = PBXBuildFile; fileRef = 9D50BDD71E81007000084A4A /* CAMERA.m */; };
		9D50BE191E81007000084A4A /* COLOR.m in Sources */ = {isa = PBXBuildFile; fileRef = 9D50BDD91E81007000084A4A /* COLOR.m */; };
		9D50BE1A1E81007000084A4A /* CONFIG.m in Sources */ = {isa = PBXBuildFile; fileRef = 9D50BDDB1E81007000084A4A /* CONFIG.m */; };
		9D50BE1B1E81007000084A4A /* DatePicker.m in Sources */ = {isa = PBXBuildFile; fileRef = 9D50BDDD1E81007000084A4A /* DatePicker.m */; };
		9D50BE1C1E81007000084A4A /* DB.m in Sources */ = {isa = PBXBuildFile; fileRef = 9D50BDDF1E81007000084A4A /* DB.m */; };
		9D50BE1D1E81007000084A4A /* DEVICE.m in Sources */ = {isa = PBXBuildFile; fileRef = 9D50BDE11E81007000084A4A /* DEVICE.m */; };
		9D50BE1E1E81007000084A4A /* DIALOG.m in Sources */ = {isa = PBXBuildFile; fileRef = 9D50BDE31E81007000084A4A /* DIALOG.m */; };
		9D50BE1F1E81007000084A4A /* FSO.m in Sources */ = {isa = PBXBuildFile; fileRef = 9D50BDE51E81007000084A4A /* FSO.m */; };
		9D50BE201E81007000084A4A /* IMAGE.m in Sources */ = {isa = PBXBuildFile; fileRef = 9D50BDE71E81007000084A4A /* IMAGE.m */; };
		9D50BE211E81007000084A4A /* Info.plist in Resources */ = {isa = PBXBuildFile; fileRef = 9D50BDE81E81007000084A4A /* Info.plist */; };
		9D50BE221E81007000084A4A /* JSON.m in Sources */ = {isa = PBXBuildFile; fileRef = 9D50BDEA1E81007000084A4A /* JSON.m */; };
		9D50BE231E81007000084A4A /* LOADING.m in Sources */ = {isa = PBXBuildFile; fileRef = 9D50BDEC1E81007000084A4A /* LOADING.m */; };
		9D50BE241E81007000084A4A /* MATH.m in Sources */ = {isa = PBXBuildFile; fileRef = 9D50BDEF1E81007000084A4A /* MATH.m */; };
		9D50BE251E81007000084A4A /* MESSAGE.m in Sources */ = {isa = PBXBuildFile; fileRef = 9D50BDF11E81007000084A4A /* MESSAGE.m */; };
		9D50BE261E81007000084A4A /* NSArray+OneKit.m in Sources */ = {isa = PBXBuildFile; fileRef = 9D50BDF31E81007000084A4A /* NSArray+OneKit.m */; };
		9D50BE271E81007000084A4A /* NSData+OneKit.m in Sources */ = {isa = PBXBuildFile; fileRef = 9D50BDF51E81007000084A4A /* NSData+OneKit.m */; };
		9D50BE281E81007000084A4A /* NSDate+OneKit.m in Sources */ = {isa = PBXBuildFile; fileRef = 9D50BDF71E81007000084A4A /* NSDate+OneKit.m */; };
		9D50BE291E81007000084A4A /* NSString+OneKit.m in Sources */ = {isa = PBXBuildFile; fileRef = 9D50BDF91E81007000084A4A /* NSString+OneKit.m */; };
		9D50BE2A1E81007000084A4A /* OneKit.m in Sources */ = {isa = PBXBuildFile; fileRef = 9D50BDFB1E81007000084A4A /* OneKit.m */; };
		9D50BE2B1E81007000084A4A /* PASSWORD.m in Sources */ = {isa = PBXBuildFile; fileRef = 9D50BDFD1E81007000084A4A /* PASSWORD.m */; };
		9D50BE2C1E81007000084A4A /* SimplePickerView.m in Sources */ = {isa = PBXBuildFile; fileRef = 9D50BDFF1E81007000084A4A /* SimplePickerView.m */; };
		9D50BE2D1E81007000084A4A /* STRING.m in Sources */ = {isa = PBXBuildFile; fileRef = 9D50BE011E81007000084A4A /* STRING.m */; };
		9D50BE2E1E81007000084A4A /* TOAST.m in Sources */ = {isa = PBXBuildFile; fileRef = 9D50BE031E81007000084A4A /* TOAST.m */; };
		9D50BE2F1E81007000084A4A /* UI.m in Sources */ = {isa = PBXBuildFile; fileRef = 9D50BE051E81007000084A4A /* UI.m */; };
		9D50BE301E81007000084A4A /* UIButton+OneKit.m in Sources */ = {isa = PBXBuildFile; fileRef = 9D50BE071E81007000084A4A /* UIButton+OneKit.m */; };
		9D50BE311E81007000084A4A /* UIColor+OneKit.m in Sources */ = {isa = PBXBuildFile; fileRef = 9D50BE091E81007000084A4A /* UIColor+OneKit.m */; };
		9D50BE321E81007000084A4A /* UIImage+OneKit.m in Sources */ = {isa = PBXBuildFile; fileRef = 9D50BE0B1E81007000084A4A /* UIImage+OneKit.m */; };
		9D50BE331E81007000084A4A /* UILabel+OneKit.m in Sources */ = {isa = PBXBuildFile; fileRef = 9D50BE0D1E81007000084A4A /* UILabel+OneKit.m */; };
		9D50BE341E81007000084A4A /* UITextView+OneKit.m in Sources */ = {isa = PBXBuildFile; fileRef = 9D50BE0F1E81007000084A4A /* UITextView+OneKit.m */; };
		9D50BE351E81007000084A4A /* UIView+OneKit.m in Sources */ = {isa = PBXBuildFile; fileRef = 9D50BE111E81007000084A4A /* UIView+OneKit.m */; };
		9D50BE361E81007000084A4A /* UIViewController+OneKit.m in Sources */ = {isa = PBXBuildFile; fileRef = 9D50BE131E81007000084A4A /* UIViewController+OneKit.m */; };
		9D50BE3A1E81010800084A4A /* libsqlite3.tbd in Frameworks */ = {isa = PBXBuildFile; fileRef = 9D50BE391E81010800084A4A /* libsqlite3.tbd */; };
/* End PBXBuildFile section */

/* Begin PBXFileReference section */
		9D50BD4D1E81002700084A4A /* Test.app */ = {isa = PBXFileReference; explicitFileType = wrapper.application; includeInIndex = 0; path = Test.app; sourceTree = BUILT_PRODUCTS_DIR; };
		9D50BD511E81002700084A4A /* main.m */ = {isa = PBXFileReference; lastKnownFileType = sourcecode.c.objc; path = main.m; sourceTree = "<group>"; };
		9D50BD531E81002700084A4A /* AppDelegate.h */ = {isa = PBXFileReference; lastKnownFileType = sourcecode.c.h; path = AppDelegate.h; sourceTree = "<group>"; };
		9D50BD541E81002700084A4A /* AppDelegate.m */ = {isa = PBXFileReference; lastKnownFileType = sourcecode.c.objc; path = AppDelegate.m; sourceTree = "<group>"; };
		9D50BD561E81002700084A4A /* ViewController.h */ = {isa = PBXFileReference; lastKnownFileType = sourcecode.c.h; path = ViewController.h; sourceTree = "<group>"; };
		9D50BD571E81002700084A4A /* ViewController.m */ = {isa = PBXFileReference; lastKnownFileType = sourcecode.c.objc; path = ViewController.m; sourceTree = "<group>"; };
		9D50BD5A1E81002700084A4A /* Base */ = {isa = PBXFileReference; lastKnownFileType = file.storyboard; name = Base; path = Base.lproj/Main.storyboard; sourceTree = "<group>"; };
		9D50BD5D1E81002700084A4A /* Test.xcdatamodel */ = {isa = PBXFileReference; lastKnownFileType = wrapper.xcdatamodel; path = Test.xcdatamodel; sourceTree = "<group>"; };
		9D50BD5F1E81002700084A4A /* Assets.xcassets */ = {isa = PBXFileReference; lastKnownFileType = folder.assetcatalog; path = Assets.xcassets; sourceTree = "<group>"; };
		9D50BD621E81002700084A4A /* Base */ = {isa = PBXFileReference; lastKnownFileType = file.storyboard; name = Base; path = Base.lproj/LaunchScreen.storyboard; sourceTree = "<group>"; };
		9D50BD641E81002700084A4A /* Info.plist */ = {isa = PBXFileReference; lastKnownFileType = text.plist.xml; path = Info.plist; sourceTree = "<group>"; };
		9D50BDD21E81007000084A4A /* AJAX.h */ = {isa = PBXFileReference; fileEncoding = 4; lastKnownFileType = sourcecode.c.h; path = AJAX.h; sourceTree = "<group>"; };
		9D50BDD31E81007000084A4A /* AJAX.m */ = {isa = PBXFileReference; fileEncoding = 4; lastKnownFileType = sourcecode.c.objc; path = AJAX.m; sourceTree = "<group>"; };
		9D50BDD41E81007000084A4A /* APP.h */ = {isa = PBXFileReference; fileEncoding = 4; lastKnownFileType = sourcecode.c.h; path = APP.h; sourceTree = "<group>"; };
		9D50BDD51E81007000084A4A /* APP.m */ = {isa = PBXFileReference; fileEncoding = 4; lastKnownFileType = sourcecode.c.objc; path = APP.m; sourceTree = "<group>"; };
		9D50BDD61E81007000084A4A /* CAMERA.h */ = {isa = PBXFileReference; fileEncoding = 4; lastKnownFileType = sourcecode.c.h; path = CAMERA.h; sourceTree = "<group>"; };
		9D50BDD71E81007000084A4A /* CAMERA.m */ = {isa = PBXFileReference; fileEncoding = 4; lastKnownFileType = sourcecode.c.objc; path = CAMERA.m; sourceTree = "<group>"; };
		9D50BDD81E81007000084A4A /* COLOR.h */ = {isa = PBXFileReference; fileEncoding = 4; lastKnownFileType = sourcecode.c.h; path = COLOR.h; sourceTree = "<group>"; };
		9D50BDD91E81007000084A4A /* COLOR.m */ = {isa = PBXFileReference; fileEncoding = 4; lastKnownFileType = sourcecode.c.objc; path = COLOR.m; sourceTree = "<group>"; };
		9D50BDDA1E81007000084A4A /* CONFIG.h */ = {isa = PBXFileReference; fileEncoding = 4; lastKnownFileType = sourcecode.c.h; path = CONFIG.h; sourceTree = "<group>"; };
		9D50BDDB1E81007000084A4A /* CONFIG.m */ = {isa = PBXFileReference; fileEncoding = 4; lastKnownFileType = sourcecode.c.objc; path = CONFIG.m; sourceTree = "<group>"; };
		9D50BDDC1E81007000084A4A /* DatePicker.h */ = {isa = PBXFileReference; fileEncoding = 4; lastKnownFileType = sourcecode.c.h; path = DatePicker.h; sourceTree = "<group>"; };
		9D50BDDD1E81007000084A4A /* DatePicker.m */ = {isa = PBXFileReference; fileEncoding = 4; lastKnownFileType = sourcecode.c.objc; path = DatePicker.m; sourceTree = "<group>"; };
		9D50BDDE1E81007000084A4A /* DB.h */ = {isa = PBXFileReference; fileEncoding = 4; lastKnownFileType = sourcecode.c.h; path = DB.h; sourceTree = "<group>"; };
		9D50BDDF1E81007000084A4A /* DB.m */ = {isa = PBXFileReference; fileEncoding = 4; lastKnownFileType = sourcecode.c.objc; path = DB.m; sourceTree = "<group>"; };
		9D50BDE01E81007000084A4A /* DEVICE.h */ = {isa = PBXFileReference; fileEncoding = 4; lastKnownFileType = sourcecode.c.h; path = DEVICE.h; sourceTree = "<group>"; };
		9D50BDE11E81007000084A4A /* DEVICE.m */ = {isa = PBXFileReference; fileEncoding = 4; lastKnownFileType = sourcecode.c.objc; path = DEVICE.m; sourceTree = "<group>"; };
		9D50BDE21E81007000084A4A /* DIALOG.h */ = {isa = PBXFileReference; fileEncoding = 4; lastKnownFileType = sourcecode.c.h; path = DIALOG.h; sourceTree = "<group>"; };
		9D50BDE31E81007000084A4A /* DIALOG.m */ = {isa = PBXFileReference; fileEncoding = 4; lastKnownFileType = sourcecode.c.objc; path = DIALOG.m; sourceTree = "<group>"; };
		9D50BDE41E81007000084A4A /* FSO.h */ = {isa = PBXFileReference; fileEncoding = 4; lastKnownFileType = sourcecode.c.h; path = FSO.h; sourceTree = "<group>"; };
		9D50BDE51E81007000084A4A /* FSO.m */ = {isa = PBXFileReference; fileEncoding = 4; lastKnownFileType = sourcecode.c.objc; path = FSO.m; sourceTree = "<group>"; };
		9D50BDE61E81007000084A4A /* IMAGE.h */ = {isa = PBXFileReference; fileEncoding = 4; lastKnownFileType = sourcecode.c.h; path = IMAGE.h; sourceTree = "<group>"; };
		9D50BDE71E81007000084A4A /* IMAGE.m */ = {isa = PBXFileReference; fileEncoding = 4; lastKnownFileType = sourcecode.c.objc; path = IMAGE.m; sourceTree = "<group>"; };
		9D50BDE81E81007000084A4A /* Info.plist */ = {isa = PBXFileReference; fileEncoding = 4; lastKnownFileType = text.plist.xml; path = Info.plist; sourceTree = "<group>"; };
		9D50BDE91E81007000084A4A /* JSON.h */ = {isa = PBXFileReference; fileEncoding = 4; lastKnownFileType = sourcecode.c.h; path = JSON.h; sourceTree = "<group>"; };
		9D50BDEA1E81007000084A4A /* JSON.m */ = {isa = PBXFileReference; fileEncoding = 4; lastKnownFileType = sourcecode.c.objc; path = JSON.m; sourceTree = "<group>"; };
		9D50BDEB1E81007000084A4A /* LOADING.h */ = {isa = PBXFileReference; fileEncoding = 4; lastKnownFileType = sourcecode.c.h; path = LOADING.h; sourceTree = "<group>"; };
		9D50BDEC1E81007000084A4A /* LOADING.m */ = {isa = PBXFileReference; fileEncoding = 4; lastKnownFileType = sourcecode.c.objc; path = LOADING.m; sourceTree = "<group>"; };
		9D50BDED1E81007000084A4A /* Macro.h */ = {isa = PBXFileReference; fileEncoding = 4; lastKnownFileType = sourcecode.c.h; path = Macro.h; sourceTree = "<group>"; };
		9D50BDEE1E81007000084A4A /* MATH.h */ = {isa = PBXFileReference; fileEncoding = 4; lastKnownFileType = sourcecode.c.h; path = MATH.h; sourceTree = "<group>"; };
		9D50BDEF1E81007000084A4A /* MATH.m */ = {isa = PBXFileReference; fileEncoding = 4; lastKnownFileType = sourcecode.c.objc; path = MATH.m; sourceTree = "<group>"; };
		9D50BDF01E81007000084A4A /* MESSAGE.h */ = {isa = PBXFileReference; fileEncoding = 4; lastKnownFileType = sourcecode.c.h; path = MESSAGE.h; sourceTree = "<group>"; };
		9D50BDF11E81007000084A4A /* MESSAGE.m */ = {isa = PBXFileReference; fileEncoding = 4; lastKnownFileType = sourcecode.c.objc; path = MESSAGE.m; sourceTree = "<group>"; };
		9D50BDF21E81007000084A4A /* NSArray+OneKit.h */ = {isa = PBXFileReference; fileEncoding = 4; lastKnownFileType = sourcecode.c.h; path = "NSArray+OneKit.h"; sourceTree = "<group>"; };
		9D50BDF31E81007000084A4A /* NSArray+OneKit.m */ = {isa = PBXFileReference; fileEncoding = 4; lastKnownFileType = sourcecode.c.objc; path = "NSArray+OneKit.m"; sourceTree = "<group>"; };
		9D50BDF41E81007000084A4A /* NSData+OneKit.h */ = {isa = PBXFileReference; fileEncoding = 4; lastKnownFileType = sourcecode.c.h; path = "NSData+OneKit.h"; sourceTree = "<group>"; };
		9D50BDF51E81007000084A4A /* NSData+OneKit.m */ = {isa = PBXFileReference; fileEncoding = 4; lastKnownFileType = sourcecode.c.objc; path = "NSData+OneKit.m"; sourceTree = "<group>"; };
		9D50BDF61E81007000084A4A /* NSDate+OneKit.h */ = {isa = PBXFileReference; fileEncoding = 4; lastKnownFileType = sourcecode.c.h; path = "NSDate+OneKit.h"; sourceTree = "<group>"; };
		9D50BDF71E81007000084A4A /* NSDate+OneKit.m */ = {isa = PBXFileReference; fileEncoding = 4; lastKnownFileType = sourcecode.c.objc; path = "NSDate+OneKit.m"; sourceTree = "<group>"; };
		9D50BDF81E81007000084A4A /* NSString+OneKit.h */ = {isa = PBXFileReference; fileEncoding = 4; lastKnownFileType = sourcecode.c.h; path = "NSString+OneKit.h"; sourceTree = "<group>"; };
		9D50BDF91E81007000084A4A /* NSString+OneKit.m */ = {isa = PBXFileReference; fileEncoding = 4; lastKnownFileType = sourcecode.c.objc; path = "NSString+OneKit.m"; sourceTree = "<group>"; };
		9D50BDFA1E81007000084A4A /* OneKit.h */ = {isa = PBXFileReference; fileEncoding = 4; lastKnownFileType = sourcecode.c.h; path = OneKit.h; sourceTree = "<group>"; };
		9D50BDFB1E81007000084A4A /* OneKit.m */ = {isa = PBXFileReference; fileEncoding = 4; lastKnownFileType = sourcecode.c.objc; path = OneKit.m; sourceTree = "<group>"; };
		9D50BDFC1E81007000084A4A /* PASSWORD.h */ = {isa = PBXFileReference; fileEncoding = 4; lastKnownFileType = sourcecode.c.h; path = PASSWORD.h; sourceTree = "<group>"; };
		9D50BDFD1E81007000084A4A /* PASSWORD.m */ = {isa = PBXFileReference; fileEncoding = 4; lastKnownFileType = sourcecode.c.objc; path = PASSWORD.m; sourceTree = "<group>"; };
		9D50BDFE1E81007000084A4A /* SimplePickerView.h */ = {isa = PBXFileReference; fileEncoding = 4; lastKnownFileType = sourcecode.c.h; path = SimplePickerView.h; sourceTree = "<group>"; };
		9D50BDFF1E81007000084A4A /* SimplePickerView.m */ = {isa = PBXFileReference; fileEncoding = 4; lastKnownFileType = sourcecode.c.objc; path = SimplePickerView.m; sourceTree = "<group>"; };
		9D50BE001E81007000084A4A /* STRING.h */ = {isa = PBXFileReference; fileEncoding = 4; lastKnownFileType = sourcecode.c.h; path = STRING.h; sourceTree = "<group>"; };
		9D50BE011E81007000084A4A /* STRING.m */ = {isa = PBXFileReference; fileEncoding = 4; lastKnownFileType = sourcecode.c.objc; path = STRING.m; sourceTree = "<group>"; };
		9D50BE021E81007000084A4A /* TOAST.h */ = {isa = PBXFileReference; fileEncoding = 4; lastKnownFileType = sourcecode.c.h; path = TOAST.h; sourceTree = "<group>"; };
		9D50BE031E81007000084A4A /* TOAST.m */ = {isa = PBXFileReference; fileEncoding = 4; lastKnownFileType = sourcecode.c.objc; path = TOAST.m; sourceTree = "<group>"; };
		9D50BE041E81007000084A4A /* UI.h */ = {isa = PBXFileReference; fileEncoding = 4; lastKnownFileType = sourcecode.c.h; path = UI.h; sourceTree = "<group>"; };
		9D50BE051E81007000084A4A /* UI.m */ = {isa = PBXFileReference; fileEncoding = 4; lastKnownFileType = sourcecode.c.objc; path = UI.m; sourceTree = "<group>"; };
		9D50BE061E81007000084A4A /* UIButton+OneKit.h */ = {isa = PBXFileReference; fileEncoding = 4; lastKnownFileType = sourcecode.c.h; path = "UIButton+OneKit.h"; sourceTree = "<group>"; };
		9D50BE071E81007000084A4A /* UIButton+OneKit.m */ = {isa = PBXFileReference; fileEncoding = 4; lastKnownFileType = sourcecode.c.objc; path = "UIButton+OneKit.m"; sourceTree = "<group>"; };
		9D50BE081E81007000084A4A /* UIColor+OneKit.h */ = {isa = PBXFileReference; fileEncoding = 4; lastKnownFileType = sourcecode.c.h; path = "UIColor+OneKit.h"; sourceTree = "<group>"; };
		9D50BE091E81007000084A4A /* UIColor+OneKit.m */ = {isa = PBXFileReference; fileEncoding = 4; lastKnownFileType = sourcecode.c.objc; path = "UIColor+OneKit.m"; sourceTree = "<group>"; };
		9D50BE0A1E81007000084A4A /* UIImage+OneKit.h */ = {isa = PBXFileReference; fileEncoding = 4; lastKnownFileType = sourcecode.c.h; path = "UIImage+OneKit.h"; sourceTree = "<group>"; };
		9D50BE0B1E81007000084A4A /* UIImage+OneKit.m */ = {isa = PBXFileReference; fileEncoding = 4; lastKnownFileType = sourcecode.c.objc; path = "UIImage+OneKit.m"; sourceTree = "<group>"; };
		9D50BE0C1E81007000084A4A /* UILabel+OneKit.h */ = {isa = PBXFileReference; fileEncoding = 4; lastKnownFileType = sourcecode.c.h; path = "UILabel+OneKit.h"; sourceTree = "<group>"; };
		9D50BE0D1E81007000084A4A /* UILabel+OneKit.m */ = {isa = PBXFileReference; fileEncoding = 4; lastKnownFileType = sourcecode.c.objc; path = "UILabel+OneKit.m"; sourceTree = "<group>"; };
		9D50BE0E1E81007000084A4A /* UITextView+OneKit.h */ = {isa = PBXFileReference; fileEncoding = 4; lastKnownFileType = sourcecode.c.h; path = "UITextView+OneKit.h"; sourceTree = "<group>"; };
		9D50BE0F1E81007000084A4A /* UITextView+OneKit.m */ = {isa = PBXFileReference; fileEncoding = 4; lastKnownFileType = sourcecode.c.objc; path = "UITextView+OneKit.m"; sourceTree = "<group>"; };
		9D50BE101E81007000084A4A /* UIView+OneKit.h */ = {isa = PBXFileReference; fileEncoding = 4; lastKnownFileType = sourcecode.c.h; path = "UIView+OneKit.h"; sourceTree = "<group>"; };
		9D50BE111E81007000084A4A /* UIView+OneKit.m */ = {isa = PBXFileReference; fileEncoding = 4; lastKnownFileType = sourcecode.c.objc; path = "UIView+OneKit.m"; sourceTree = "<group>"; };
		9D50BE121E81007000084A4A /* UIViewController+OneKit.h */ = {isa = PBXFileReference; fileEncoding = 4; lastKnownFileType = sourcecode.c.h; path = "UIViewController+OneKit.h"; sourceTree = "<group>"; };
		9D50BE131E81007000084A4A /* UIViewController+OneKit.m */ = {isa = PBXFileReference; fileEncoding = 4; lastKnownFileType = sourcecode.c.objc; path = "UIViewController+OneKit.m"; sourceTree = "<group>"; };
		9D50BE391E81010800084A4A /* libsqlite3.tbd */ = {isa = PBXFileReference; lastKnownFileType = "sourcecode.text-based-dylib-definition"; name = libsqlite3.tbd; path = usr/lib/libsqlite3.tbd; sourceTree = SDKROOT; };
/* End PBXFileReference section */

/* Begin PBXFrameworksBuildPhase section */
		9D50BD4A1E81002700084A4A /* Frameworks */ = {
			isa = PBXFrameworksBuildPhase;
			buildActionMask = 2147483647;
			files = (
				9D50BE3A1E81010800084A4A /* libsqlite3.tbd in Frameworks */,
			);
			runOnlyForDeploymentPostprocessing = 0;
		};
/* End PBXFrameworksBuildPhase section */

/* Begin PBXGroup section */
		9D50BD441E81002700084A4A = {
			isa = PBXGroup;
			children = (
				9D50BDD11E81007000084A4A /* OneKit */,
				9D50BD4F1E81002700084A4A /* Test */,
				9D50BD4E1E81002700084A4A /* Products */,
				9D50BE381E81010800084A4A /* Frameworks */,
			);
			sourceTree = "<group>";
		};
		9D50BD4E1E81002700084A4A /* Products */ = {
			isa = PBXGroup;
			children = (
				9D50BD4D1E81002700084A4A /* Test.app */,
			);
			name = Products;
			sourceTree = "<group>";
		};
		9D50BD4F1E81002700084A4A /* Test */ = {
			isa = PBXGroup;
			children = (
				9D50BD531E81002700084A4A /* AppDelegate.h */,
				9D50BD541E81002700084A4A /* AppDelegate.m */,
				9D50BD561E81002700084A4A /* ViewController.h */,
				9D50BD571E81002700084A4A /* ViewController.m */,
				9D50BD591E81002700084A4A /* Main.storyboard */,
				9D50BD5F1E81002700084A4A /* Assets.xcassets */,
				9D50BD611E81002700084A4A /* LaunchScreen.storyboard */,
				9D50BD641E81002700084A4A /* Info.plist */,
				9D50BD5C1E81002700084A4A /* Test.xcdatamodeld */,
				9D50BD501E81002700084A4A /* Supporting Files */,
			);
			path = Test;
			sourceTree = "<group>";
		};
		9D50BD501E81002700084A4A /* Supporting Files */ = {
			isa = PBXGroup;
			children = (
				9D50BD511E81002700084A4A /* main.m */,
			);
			name = "Supporting Files";
			sourceTree = "<group>";
		};
		9D50BDD11E81007000084A4A /* OneKit */ = {
			isa = PBXGroup;
			children = (
				9D50BDD21E81007000084A4A /* AJAX.h */,
				9D50BDD31E81007000084A4A /* AJAX.m */,
				9D50BDD41E81007000084A4A /* APP.h */,
				9D50BDD51E81007000084A4A /* APP.m */,
				9D50BDD61E81007000084A4A /* CAMERA.h */,
				9D50BDD71E81007000084A4A /* CAMERA.m */,
				9D50BDD81E81007000084A4A /* COLOR.h */,
				9D50BDD91E81007000084A4A /* COLOR.m */,
				9D50BDDA1E81007000084A4A /* CONFIG.h */,
				9D50BDDB1E81007000084A4A /* CONFIG.m */,
				9D50BDDC1E81007000084A4A /* DatePicker.h */,
				9D50BDDD1E81007000084A4A /* DatePicker.m */,
				9D50BDDE1E81007000084A4A /* DB.h */,
				9D50BDDF1E81007000084A4A /* DB.m */,
				9D50BDE01E81007000084A4A /* DEVICE.h */,
				9D50BDE11E81007000084A4A /* DEVICE.m */,
				9D50BDE21E81007000084A4A /* DIALOG.h */,
				9D50BDE31E81007000084A4A /* DIALOG.m */,
				9D50BDE41E81007000084A4A /* FSO.h */,
				9D50BDE51E81007000084A4A /* FSO.m */,
				9D50BDE61E81007000084A4A /* IMAGE.h */,
				9D50BDE71E81007000084A4A /* IMAGE.m */,
				9D50BDE81E81007000084A4A /* Info.plist */,
				9D50BDE91E81007000084A4A /* JSON.h */,
				9D50BDEA1E81007000084A4A /* JSON.m */,
				9D50BDEB1E81007000084A4A /* LOADING.h */,
				9D50BDEC1E81007000084A4A /* LOADING.m */,
				9D50BDED1E81007000084A4A /* Macro.h */,
				9D50BDEE1E81007000084A4A /* MATH.h */,
				9D50BDEF1E81007000084A4A /* MATH.m */,
				9D50BDF01E81007000084A4A /* MESSAGE.h */,
				9D50BDF11E81007000084A4A /* MESSAGE.m */,
				9D50BDF21E81007000084A4A /* NSArray+OneKit.h */,
				9D50BDF31E81007000084A4A /* NSArray+OneKit.m */,
				9D50BDF41E81007000084A4A /* NSData+OneKit.h */,
				9D50BDF51E81007000084A4A /* NSData+OneKit.m */,
				9D50BDF61E81007000084A4A /* NSDate+OneKit.h */,
				9D50BDF71E81007000084A4A /* NSDate+OneKit.m */,
				9D50BDF81E81007000084A4A /* NSString+OneKit.h */,
				9D50BDF91E81007000084A4A /* NSString+OneKit.m */,
				9D50BDFA1E81007000084A4A /* OneKit.h */,
				9D50BDFB1E81007000084A4A /* OneKit.m */,
				9D50BDFC1E81007000084A4A /* PASSWORD.h */,
				9D50BDFD1E81007000084A4A /* PASSWORD.m */,
				9D50BDFE1E81007000084A4A /* SimplePickerView.h */,
				9D50BDFF1E81007000084A4A /* SimplePickerView.m */,
				9D50BE001E81007000084A4A /* STRING.h */,
				9D50BE011E81007000084A4A /* STRING.m */,
				9D50BE021E81007000084A4A /* TOAST.h */,
				9D50BE031E81007000084A4A /* TOAST.m */,
				9D50BE041E81007000084A4A /* UI.h */,
				9D50BE051E81007000084A4A /* UI.m */,
				9D50BE061E81007000084A4A /* UIButton+OneKit.h */,
				9D50BE071E81007000084A4A /* UIButton+OneKit.m */,
				9D50BE081E81007000084A4A /* UIColor+OneKit.h */,
				9D50BE091E81007000084A4A /* UIColor+OneKit.m */,
				9D50BE0A1E81007000084A4A /* UIImage+OneKit.h */,
				9D50BE0B1E81007000084A4A /* UIImage+OneKit.m */,
				9D50BE0C1E81007000084A4A /* UILabel+OneKit.h */,
				9D50BE0D1E81007000084A4A /* UILabel+OneKit.m */,
				9D50BE0E1E81007000084A4A /* UITextView+OneKit.h */,
				9D50BE0F1E81007000084A4A /* UITextView+OneKit.m */,
				9D50BE101E81007000084A4A /* UIView+OneKit.h */,
				9D50BE111E81007000084A4A /* UIView+OneKit.m */,
				9D50BE121E81007000084A4A /* UIViewController+OneKit.h */,
				9D50BE131E81007000084A4A /* UIViewController+OneKit.m */,
			);
			path = OneKit;
			sourceTree = "<group>";
		};
		9D50BE381E81010800084A4A /* Frameworks */ = {
			isa = PBXGroup;
			children = (
				9D50BE391E81010800084A4A /* libsqlite3.tbd */,
			);
			name = Frameworks;
			sourceTree = "<group>";
		};
/* End PBXGroup section */

/* Begin PBXNativeTarget section */
		9D50BD4C1E81002700084A4A /* Test */ = {
			isa = PBXNativeTarget;
			buildConfigurationList = 9D50BD671E81002700084A4A /* Build configuration list for PBXNativeTarget "Test" */;
			buildPhases = (
				9D50BD491E81002700084A4A /* Sources */,
				9D50BD4A1E81002700084A4A /* Frameworks */,
				9D50BD4B1E81002700084A4A /* Resources */,
			);
			buildRules = (
			);
			dependencies = (
			);
			name = Test;
			productName = Test;
			productReference = 9D50BD4D1E81002700084A4A /* Test.app */;
			productType = "com.apple.product-type.application";
		};
/* End PBXNativeTarget section */

/* Begin PBXProject section */
		9D50BD451E81002700084A4A /* Project object */ = {
			isa = PBXProject;
			attributes = {
				LastUpgradeCheck = 0820;
				ORGANIZATIONNAME = VIPLimited;
				TargetAttributes = {
					9D50BD4C1E81002700084A4A = {
						CreatedOnToolsVersion = 8.2.1;
						DevelopmentTeam = JH4GHHSL6Z;
						ProvisioningStyle = Automatic;
					};
				};
			};
			buildConfigurationList = 9D50BD481E81002700084A4A /* Build configuration list for PBXProject "Test" */;
			compatibilityVersion = "Xcode 3.2";
			developmentRegion = English;
			hasScannedForEncodings = 0;
			knownRegions = (
				en,
				Base,
			);
			mainGroup = 9D50BD441E81002700084A4A;
			productRefGroup = 9D50BD4E1E81002700084A4A /* Products */;
			projectDirPath = "";
			projectRoot = "";
			targets = (
				9D50BD4C1E81002700084A4A /* Test */,
			);
		};
/* End PBXProject section */

/* Begin PBXResourcesBuildPhase section */
		9D50BD4B1E81002700084A4A /* Resources */ = {
			isa = PBXResourcesBuildPhase;
			buildActionMask = 2147483647;
			files = (
				9D50BE211E81007000084A4A /* Info.plist in Resources */,
				9D50BD631E81002700084A4A /* LaunchScreen.storyboard in Resources */,
				9D50BD601E81002700084A4A /* Assets.xcassets in Resources */,
				9D50BD5B1E81002700084A4A /* Main.storyboard in Resources */,
			);
			runOnlyForDeploymentPostprocessing = 0;
		};
/* End PBXResourcesBuildPhase section */

/* Begin PBXSourcesBuildPhase section */
		9D50BD491E81002700084A4A /* Sources */ = {
			isa = PBXSourcesBuildPhase;
			buildActionMask = 2147483647;
			files = (
				9D50BE351E81007000084A4A /* UIView+OneKit.m in Sources */,
				9D50BE261E81007000084A4A /* NSArray+OneKit.m in Sources */,
				9D50BE321E81007000084A4A /* UIImage+OneKit.m in Sources */,
				9D50BE161E81007000084A4A /* AJAX.m in Sources */,
				9D50BE1A1E81007000084A4A /* CONFIG.m in Sources */,
				9D50BE191E81007000084A4A /* COLOR.m in Sources */,
				9D50BE1D1E81007000084A4A /* DEVICE.m in Sources */,
				9D50BD581E81002700084A4A /* ViewController.m in Sources */,
				9D50BD5E1E81002700084A4A /* Test.xcdatamodeld in Sources */,
				9D50BE1F1E81007000084A4A /* FSO.m in Sources */,
				9D50BE251E81007000084A4A /* MESSAGE.m in Sources */,
				9D50BE1C1E81007000084A4A /* DB.m in Sources */,
				9D50BE331E81007000084A4A /* UILabel+OneKit.m in Sources */,
				9D50BE311E81007000084A4A /* UIColor+OneKit.m in Sources */,
				9D50BE2C1E81007000084A4A /* SimplePickerView.m in Sources */,
				9D50BE1E1E81007000084A4A /* DIALOG.m in Sources */,
				9D50BE231E81007000084A4A /* LOADING.m in Sources */,
				9D50BE301E81007000084A4A /* UIButton+OneKit.m in Sources */,
				9D50BE201E81007000084A4A /* IMAGE.m in Sources */,
				9D50BE171E81007000084A4A /* APP.m in Sources */,
				9D50BE2F1E81007000084A4A /* UI.m in Sources */,
				9D50BE2B1E81007000084A4A /* PASSWORD.m in Sources */,
				9D50BE361E81007000084A4A /* UIViewController+OneKit.m in Sources */,
				9D50BE221E81007000084A4A /* JSON.m in Sources */,
				9D50BE181E81007000084A4A /* CAMERA.m in Sources */,
				9D50BD551E81002700084A4A /* AppDelegate.m in Sources */,
				9D50BE291E81007000084A4A /* NSString+OneKit.m in Sources */,
				9D50BE241E81007000084A4A /* MATH.m in Sources */,
				9D50BE2E1E81007000084A4A /* TOAST.m in Sources */,
				9D50BE2D1E81007000084A4A /* STRING.m in Sources */,
				9D50BE281E81007000084A4A /* NSDate+OneKit.m in Sources */,
				9D50BD521E81002700084A4A /* main.m in Sources */,
				9D50BE2A1E81007000084A4A /* OneKit.m in Sources */,
				9D50BE341E81007000084A4A /* UITextView+OneKit.m in Sources */,
				9D50BE1B1E81007000084A4A /* DatePicker.m in Sources */,
				9D50BE271E81007000084A4A /* NSData+OneKit.m in Sources */,
			);
			runOnlyForDeploymentPostprocessing = 0;
		};
/* End PBXSourcesBuildPhase section */

/* Begin PBXVariantGroup section */
		9D50BD591E81002700084A4A /* Main.storyboard */ = {
			isa = PBXVariantGroup;
			children = (
				9D50BD5A1E81002700084A4A /* Base */,
			);
			name = Main.storyboard;
			sourceTree = "<group>";
		};
		9D50BD611E81002700084A4A /* LaunchScreen.storyboard */ = {
			isa = PBXVariantGroup;
			children = (
				9D50BD621E81002700084A4A /* Base */,
			);
			name = LaunchScreen.storyboard;
			sourceTree = "<group>";
		};
/* End PBXVariantGroup section */

/* Begin XCBuildConfiguration section */
		9D50BD651E81002700084A4A /* Debug */ = {
			isa = XCBuildConfiguration;
			buildSettings = {
				ALWAYS_SEARCH_USER_PATHS = NO;
				CLANG_ANALYZER_NONNULL = YES;
				CLANG_CXX_LANGUAGE_STANDARD = "gnu++0x";
				CLANG_CXX_LIBRARY = "libc++";
				CLANG_ENABLE_MODULES = YES;
				CLANG_ENABLE_OBJC_ARC = YES;
				CLANG_WARN_BOOL_CONVERSION = YES;
				CLANG_WARN_CONSTANT_CONVERSION = YES;
				CLANG_WARN_DIRECT_OBJC_ISA_USAGE = YES_ERROR;
				CLANG_WARN_DOCUMENTATION_COMMENTS = YES;
				CLANG_WARN_EMPTY_BODY = YES;
				CLANG_WARN_ENUM_CONVERSION = YES;
				CLANG_WARN_INFINITE_RECURSION = YES;
				CLANG_WARN_INT_CONVERSION = YES;
				CLANG_WARN_OBJC_ROOT_CLASS = YES_ERROR;
				CLANG_WARN_SUSPICIOUS_MOVE = YES;
				CLANG_WARN_UNREACHABLE_CODE = YES;
				CLANG_WARN__DUPLICATE_METHOD_MATCH = YES;
				"CODE_SIGN_IDENTITY[sdk=iphoneos*]" = "iPhone Developer";
				COPY_PHASE_STRIP = NO;
				DEBUG_INFORMATION_FORMAT = dwarf;
				ENABLE_STRICT_OBJC_MSGSEND = YES;
				ENABLE_TESTABILITY = YES;
				GCC_C_LANGUAGE_STANDARD = gnu99;
				GCC_DYNAMIC_NO_PIC = NO;
				GCC_NO_COMMON_BLOCKS = YES;
				GCC_OPTIMIZATION_LEVEL = 0;
				GCC_PREPROCESSOR_DEFINITIONS = (
					"DEBUG=1",
					"$(inherited)",
				);
				GCC_WARN_64_TO_32_BIT_CONVERSION = YES;
				GCC_WARN_ABOUT_RETURN_TYPE = YES_ERROR;
				GCC_WARN_UNDECLARED_SELECTOR = YES;
				GCC_WARN_UNINITIALIZED_AUTOS = YES_AGGRESSIVE;
				GCC_WARN_UNUSED_FUNCTION = YES;
				GCC_WARN_UNUSED_VARIABLE = YES;
				IPHONEOS_DEPLOYMENT_TARGET = 10.2;
				MTL_ENABLE_DEBUG_INFO = YES;
				ONLY_ACTIVE_ARCH = YES;
				SDKROOT = iphoneos;
			};
			name = Debug;
		};
		9D50BD661E81002700084A4A /* Release */ = {
			isa = XCBuildConfiguration;
			buildSettings = {
				ALWAYS_SEARCH_USER_PATHS = NO;
				CLANG_ANALYZER_NONNULL = YES;
				CLANG_CXX_LANGUAGE_STANDARD = "gnu++0x";
				CLANG_CXX_LIBRARY = "libc++";
				CLANG_ENABLE_MODULES = YES;
				CLANG_ENABLE_OBJC_ARC = YES;
				CLANG_WARN_BOOL_CONVERSION = YES;
				CLANG_WARN_CONSTANT_CONVERSION = YES;
				CLANG_WARN_DIRECT_OBJC_ISA_USAGE = YES_ERROR;
				CLANG_WARN_DOCUMENTATION_COMMENTS = YES;
				CLANG_WARN_EMPTY_BODY = YES;
				CLANG_WARN_ENUM_CONVERSION = YES;
				CLANG_WARN_INFINITE_RECURSION = YES;
				CLANG_WARN_INT_CONVERSION = YES;
				CLANG_WARN_OBJC_ROOT_CLASS = YES_ERROR;
				CLANG_WARN_SUSPICIOUS_MOVE = YES;
				CLANG_WARN_UNREACHABLE_CODE = YES;
				CLANG_WARN__DUPLICATE_METHOD_MATCH = YES;
				"CODE_SIGN_IDENTITY[sdk=iphoneos*]" = "iPhone Developer";
				COPY_PHASE_STRIP = NO;
				DEBUG_INFORMATION_FORMAT = "dwarf-with-dsym";
				ENABLE_NS_ASSERTIONS = NO;
				ENABLE_STRICT_OBJC_MSGSEND = YES;
				GCC_C_LANGUAGE_STANDARD = gnu99;
				GCC_NO_COMMON_BLOCKS = YES;
				GCC_WARN_64_TO_32_BIT_CONVERSION = YES;
				GCC_WARN_ABOUT_RETURN_TYPE = YES_ERROR;
				GCC_WARN_UNDECLARED_SELECTOR = YES;
				GCC_WARN_UNINITIALIZED_AUTOS = YES_AGGRESSIVE;
				GCC_WARN_UNUSED_FUNCTION = YES;
				GCC_WARN_UNUSED_VARIABLE = YES;
				IPHONEOS_DEPLOYMENT_TARGET = 10.2;
				MTL_ENABLE_DEBUG_INFO = NO;
				SDKROOT = iphoneos;
				VALIDATE_PRODUCT = YES;
			};
			name = Release;
		};
		9D50BD681E81002700084A4A /* Debug */ = {
			isa = XCBuildConfiguration;
			buildSettings = {
				ASSETCATALOG_COMPILER_APPICON_NAME = AppIcon;
				DEVELOPMENT_TEAM = JH4GHHSL6Z;
				INFOPLIST_FILE = Test/Info.plist;
				LD_RUNPATH_SEARCH_PATHS = "$(inherited) @executable_path/Frameworks";
				PRODUCT_BUNDLE_IDENTIFIER = cn.onekit.Test;
				PRODUCT_NAME = "$(TARGET_NAME)";
			};
			name = Debug;
		};
		9D50BD691E81002700084A4A /* Release */ = {
			isa = XCBuildConfiguration;
			buildSettings = {
				ASSETCATALOG_COMPILER_APPICON_NAME = AppIcon;
				DEVELOPMENT_TEAM = JH4GHHSL6Z;
				INFOPLIST_FILE = Test/Info.plist;
				LD_RUNPATH_SEARCH_PATHS = "$(inherited) @executable_path/Frameworks";
				PRODUCT_BUNDLE_IDENTIFIER = cn.onekit.Test;
				PRODUCT_NAME = "$(TARGET_NAME)";
			};
			name = Release;
		};
/* End XCBuildConfiguration section */

/* Begin XCConfigurationList section */
		9D50BD481E81002700084A4A /* Build configuration list for PBXProject "Test" */ = {
			isa = XCConfigurationList;
			buildConfigurations = (
				9D50BD651E81002700084A4A /* Debug */,
				9D50BD661E81002700084A4A /* Release */,
			);
			defaultConfigurationIsVisible = 0;
			defaultConfigurationName = Release;
		};
		9D50BD671E81002700084A4A /* Build configuration list for PBXNativeTarget "Test" */ = {
			isa = XCConfigurationList;
			buildConfigurations = (
				9D50BD681E81002700084A4A /* Debug */,
				9D50BD691E81002700084A4A /* Release */,
			);
			defaultConfigurationIsVisible = 0;
		};
/* End XCConfigurationList section */

/* Begin XCVersionGroup section */
		9D50BD5C1E81002700084A4A /* Test.xcdatamodeld */ = {
			isa = XCVersionGroup;
			children = (
				9D50BD5D1E81002700084A4A /* Test.xcdatamodel */,
			);
			currentVersion = 9D50BD5D1E81002700084A4A /* Test.xcdatamodel */;
			path = Test.xcdatamodeld;
			sourceTree = "<group>";
			versionGroupType = wrapper.xcdatamodel;
		};
/* End XCVersionGroup section */
	};
	rootObject = 9D50BD451E81002700084A4A /* Project object */;
}
